github.com/Binject/debug v0.0.0-20230508195519-26db73212a7a h1:4c0nc0krv8eh7gD809n+swLaCuFyHpxdrxwx0ZmHvBw=
github.com/Binject/debug v0.0.0-20230508195519-26db73212a7a/go.mod h1:QzgxDLY/qdKlvnbnb65eqTedhvQPbaSP2NqIbcuKvsQ=
github.com/carved4/go-direct-syscall v1.2.7 h1:5u1cWaimlri5DHe4PsWE+vBAmo90HYSziUbfEuts71A=
github.com/carved4/go-direct-syscall v1.2.7/go.mod h1:KCsNNQJBJeU+C6QkYdfIVM466ByrCyYhQ4CwOg1W0lI=
github.com/carved4/go-direct-syscall v1.2.9 h1:mT9QRwuqmKSQ7PsoTgoVZf37wUUp60t8af8GHFTYKtY=
github.com/carved4/go-direct-syscall v1.2.9/go.mod h1:KCsNNQJBJeU+C6QkYdfIVM466ByrCyYhQ4CwOg1W0lI=
